// !$*UTF8*$!
{
	archiveVersion = 1;
	classes = {
	};
	objectVersion = 46;
	objects = {

/* Begin PBXBuildFile section */
		C504FAD319FD25D200C7F5C4 /* AppDelegate.swift in Sources */ = {isa = PBXBuildFile; fileRef = C504FAD219FD25D200C7F5C4 /* AppDelegate.swift */; };
		C504FAD519FD25D200C7F5C4 /* ViewController.swift in Sources */ = {isa = PBXBuildFile; fileRef = C504FAD419FD25D200C7F5C4 /* ViewController.swift */; };
		C504FAD819FD25D200C7F5C4 /* Main.storyboard in Resources */ = {isa = PBXBuildFile; fileRef = C504FAD619FD25D200C7F5C4 /* Main.storyboard */; };
		C504FADA19FD25D200C7F5C4 /* Images.xcassets in Resources */ = {isa = PBXBuildFile; fileRef = C504FAD919FD25D200C7F5C4 /* Images.xcassets */; };
		C504FADD19FD25D200C7F5C4 /* LaunchScreen.xib in Resources */ = {isa = PBXBuildFile; fileRef = C504FADB19FD25D200C7F5C4 /* LaunchScreen.xib */; };
		C504FAE919FD25D200C7F5C4 /* WidgetTests.swift in Sources */ = {isa = PBXBuildFile; fileRef = C504FAE819FD25D200C7F5C4 /* WidgetTests.swift */; };
		C504FAF919FD268700C7F5C4 /* NotificationCenter.framework in Frameworks */ = {isa = PBXBuildFile; fileRef = C504FAF819FD268700C7F5C4 /* NotificationCenter.framework */; };
		C504FAFE19FD268700C7F5C4 /* TodayViewController.swift in Sources */ = {isa = PBXBuildFile; fileRef = C504FAFD19FD268700C7F5C4 /* TodayViewController.swift */; };
		C504FB0019FD268700C7F5C4 /* MainInterface.storyboard in Resources */ = {isa = PBXBuildFile; fileRef = C504FAFF19FD268700C7F5C4 /* MainInterface.storyboard */; };
		C504FB0319FD268700C7F5C4 /* BankaWidget.appex in Embed App Extensions */ = {isa = PBXBuildFile; fileRef = C504FAF619FD268700C7F5C4 /* BankaWidget.appex */; settings = {ATTRIBUTES = (RemoveHeadersOnCopy, ); }; };
/* End PBXBuildFile section */

/* Begin PBXContainerItemProxy section */
		C504FAE319FD25D200C7F5C4 /* PBXContainerItemProxy */ = {
			isa = PBXContainerItemProxy;
			containerPortal = C504FAC519FD25D200C7F5C4 /* Project object */;
			proxyType = 1;
			remoteGlobalIDString = C504FACC19FD25D200C7F5C4;
			remoteInfo = Widget;
		};
		C504FB0119FD268700C7F5C4 /* PBXContainerItemProxy */ = {
			isa = PBXContainerItemProxy;
			containerPortal = C504FAC519FD25D200C7F5C4 /* Project object */;
			proxyType = 1;
			remoteGlobalIDString = C504FAF519FD268700C7F5C4;
			remoteInfo = BankaWidget;
		};
/* End PBXContainerItemProxy section */

/* Begin PBXCopyFilesBuildPhase section */
		C504FB0719FD268700C7F5C4 /* Embed App Extensions */ = {
			isa = PBXCopyFilesBuildPhase;
			buildActionMask = 2147483647;
			dstPath = "";
			dstSubfolderSpec = 13;
			files = (
				C504FB0319FD268700C7F5C4 /* BankaWidget.appex in Embed App Extensions */,
			);
			name = "Embed App Extensions";
			runOnlyForDeploymentPostprocessing = 0;
		};
/* End PBXCopyFilesBuildPhase section */

/* Begin PBXFileReference section */
		C504FACD19FD25D200C7F5C4 /* Widget.app */ = {isa = PBXFileReference; explicitFileType = wrapper.application; includeInIndex = 0; path = Widget.app; sourceTree = BUILT_PRODUCTS_DIR; };
		C504FAD119FD25D200C7F5C4 /* Info.plist */ = {isa = PBXFileReference; lastKnownFileType = text.plist.xml; path = Info.plist; sourceTree = "<group>"; };
		C504FAD219FD25D200C7F5C4 /* AppDelegate.swift */ = {isa = PBXFileReference; lastKnownFileType = sourcecode.swift; path = AppDelegate.swift; sourceTree = "<group>"; };
		C504FAD419FD25D200C7F5C4 /* ViewController.swift */ = {isa = PBXFileReference; lastKnownFileType = sourcecode.swift; path = ViewController.swift; sourceTree = "<group>"; };
		C504FAD719FD25D200C7F5C4 /* Base */ = {isa = PBXFileReference; lastKnownFileType = file.storyboard; name = Base; path = Base.lproj/Main.storyboard; sourceTree = "<group>"; };
		C504FAD919FD25D200C7F5C4 /* Images.xcassets */ = {isa = PBXFileReference; lastKnownFileType = folder.assetcatalog; path = Images.xcassets; sourceTree = "<group>"; };
		C504FADC19FD25D200C7F5C4 /* Base */ = {isa = PBXFileReference; lastKnownFileType = file.xib; name = Base; path = Base.lproj/LaunchScreen.xib; sourceTree = "<group>"; };
		C504FAE219FD25D200C7F5C4 /* WidgetTests.xctest */ = {isa = PBXFileReference; explicitFileType = wrapper.cfbundle; includeInIndex = 0; path = WidgetTests.xctest; sourceTree = BUILT_PRODUCTS_DIR; };
		C504FAE719FD25D200C7F5C4 /* Info.plist */ = {isa = PBXFileReference; lastKnownFileType = text.plist.xml; path = Info.plist; sourceTree = "<group>"; };
		C504FAE819FD25D200C7F5C4 /* WidgetTests.swift */ = {isa = PBXFileReference; lastKnownFileType = sourcecode.swift; path = WidgetTests.swift; sourceTree = "<group>"; };
		C504FAF619FD268700C7F5C4 /* BankaWidget.appex */ = {isa = PBXFileReference; explicitFileType = "wrapper.app-extension"; includeInIndex = 0; path = BankaWidget.appex; sourceTree = BUILT_PRODUCTS_DIR; };
		C504FAF819FD268700C7F5C4 /* NotificationCenter.framework */ = {isa = PBXFileReference; lastKnownFileType = wrapper.framework; name = NotificationCenter.framework; path = System/Library/Frameworks/NotificationCenter.framework; sourceTree = SDKROOT; };
		C504FAFC19FD268700C7F5C4 /* Info.plist */ = {isa = PBXFileReference; lastKnownFileType = text.plist.xml; path = Info.plist; sourceTree = "<group>"; };
		C504FAFD19FD268700C7F5C4 /* TodayViewController.swift */ = {isa = PBXFileReference; lastKnownFileType = sourcecode.swift; path = TodayViewController.swift; sourceTree = "<group>"; };
		C504FAFF19FD268700C7F5C4 /* MainInterface.storyboard */ = {isa = PBXFileReference; lastKnownFileType = file.storyboard; path = MainInterface.storyboard; sourceTree = "<group>"; };
		C504FB0819FD2C3D00C7F5C4 /* BankaWidget.entitlements */ = {isa = PBXFileReference; lastKnownFileType = text.xml; path = BankaWidget.entitlements; sourceTree = "<group>"; };
		C504FB0919FD2C9800C7F5C4 /* Widget.entitlements */ = {isa = PBXFileReference; lastKnownFileType = text.xml; path = Widget.entitlements; sourceTree = "<group>"; };
/* End PBXFileReference section */

/* Begin PBXFrameworksBuildPhase section */
		C504FACA19FD25D200C7F5C4 /* Frameworks */ = {
			isa = PBXFrameworksBuildPhase;
			buildActionMask = 2147483647;
			files = (
			);
			runOnlyForDeploymentPostprocessing = 0;
		};
		C504FADF19FD25D200C7F5C4 /* Frameworks */ = {
			isa = PBXFrameworksBuildPhase;
			buildActionMask = 2147483647;
			files = (
			);
			runOnlyForDeploymentPostprocessing = 0;
		};
		C504FAF319FD268700C7F5C4 /* Frameworks */ = {
			isa = PBXFrameworksBuildPhase;
			buildActionMask = 2147483647;
			files = (
				C504FAF919FD268700C7F5C4 /* NotificationCenter.framework in Frameworks */,
			);
			runOnlyForDeploymentPostprocessing = 0;
		};
/* End PBXFrameworksBuildPhase section */

/* Begin PBXGroup section */
		C504FAC419FD25D200C7F5C4 = {
			isa = PBXGroup;
			children = (
				C504FACF19FD25D200C7F5C4 /* Widget */,
				C504FAE519FD25D200C7F5C4 /* WidgetTests */,
				C504FAFA19FD268700C7F5C4 /* BankaWidget */,
				C504FAF719FD268700C7F5C4 /* Frameworks */,
				C504FACE19FD25D200C7F5C4 /* Products */,
			);
			sourceTree = "<group>";
		};
		C504FACE19FD25D200C7F5C4 /* Products */ = {
			isa = PBXGroup;
			children = (
				C504FACD19FD25D200C7F5C4 /* Widget.app */,
				C504FAE219FD25D200C7F5C4 /* WidgetTests.xctest */,
				C504FAF619FD268700C7F5C4 /* BankaWidget.appex */,
			);
			name = Products;
			sourceTree = "<group>";
		};
		C504FACF19FD25D200C7F5C4 /* Widget */ = {
			isa = PBXGroup;
			children = (
				C504FB0919FD2C9800C7F5C4 /* Widget.entitlements */,
				C504FAD219FD25D200C7F5C4 /* AppDelegate.swift */,
				C504FAD419FD25D200C7F5C4 /* ViewController.swift */,
				C504FAD619FD25D200C7F5C4 /* Main.storyboard */,
				C504FAD919FD25D200C7F5C4 /* Images.xcassets */,
				C504FADB19FD25D200C7F5C4 /* LaunchScreen.xib */,
				C504FAD019FD25D200C7F5C4 /* Supporting Files */,
			);
			path = Widget;
			sourceTree = "<group>";
		};
		C504FAD019FD25D200C7F5C4 /* Supporting Files */ = {
			isa = PBXGroup;
			children = (
				C504FAD119FD25D200C7F5C4 /* Info.plist */,
			);
			name = "Supporting Files";
			sourceTree = "<group>";
		};
		C504FAE519FD25D200C7F5C4 /* WidgetTests */ = {
			isa = PBXGroup;
			children = (
				C504FAE819FD25D200C7F5C4 /* WidgetTests.swift */,
				C504FAE619FD25D200C7F5C4 /* Supporting Files */,
			);
			path = WidgetTests;
			sourceTree = "<group>";
		};
		C504FAE619FD25D200C7F5C4 /* Supporting Files */ = {
			isa = PBXGroup;
			children = (
				C504FAE719FD25D200C7F5C4 /* Info.plist */,
			);
			name = "Supporting Files";
			sourceTree = "<group>";
		};
		C504FAF719FD268700C7F5C4 /* Frameworks */ = {
			isa = PBXGroup;
			children = (
				C504FAF819FD268700C7F5C4 /* NotificationCenter.framework */,
			);
			name = Frameworks;
			sourceTree = "<group>";
		};
		C504FAFA19FD268700C7F5C4 /* BankaWidget */ = {
			isa = PBXGroup;
			children = (
				C504FB0819FD2C3D00C7F5C4 /* BankaWidget.entitlements */,
				C504FAFD19FD268700C7F5C4 /* TodayViewController.swift */,
				C504FAFF19FD268700C7F5C4 /* MainInterface.storyboard */,
				C504FAFB19FD268700C7F5C4 /* Supporting Files */,
			);
			path = BankaWidget;
			sourceTree = "<group>";
		};
		C504FAFB19FD268700C7F5C4 /* Supporting Files */ = {
			isa = PBXGroup;
			children = (
				C504FAFC19FD268700C7F5C4 /* Info.plist */,
			);
			name = "Supporting Files";
			sourceTree = "<group>";
		};
/* End PBXGroup section */

/* Begin PBXNativeTarget section */
		C504FACC19FD25D200C7F5C4 /* Widget */ = {
			isa = PBXNativeTarget;
			buildConfigurationList = C504FAEC19FD25D200C7F5C4 /* Build configuration list for PBXNativeTarget "Widget" */;
			buildPhases = (
				C504FAC919FD25D200C7F5C4 /* Sources */,
				C504FACA19FD25D200C7F5C4 /* Frameworks */,
				C504FACB19FD25D200C7F5C4 /* Resources */,
				C504FB0719FD268700C7F5C4 /* Embed App Extensions */,
			);
			buildRules = (
			);
			dependencies = (
				C504FB0219FD268700C7F5C4 /* PBXTargetDependency */,
			);
			name = Widget;
			productName = Widget;
			productReference = C504FACD19FD25D200C7F5C4 /* Widget.app */;
			productType = "com.apple.product-type.application";
		};
		C504FAE119FD25D200C7F5C4 /* WidgetTests */ = {
			isa = PBXNativeTarget;
			buildConfigurationList = C504FAEF19FD25D200C7F5C4 /* Build configuration list for PBXNativeTarget "WidgetTests" */;
			buildPhases = (
				C504FADE19FD25D200C7F5C4 /* Sources */,
				C504FADF19FD25D200C7F5C4 /* Frameworks */,
				C504FAE019FD25D200C7F5C4 /* Resources */,
			);
			buildRules = (
			);
			dependencies = (
				C504FAE419FD25D200C7F5C4 /* PBXTargetDependency */,
			);
			name = WidgetTests;
			productName = WidgetTests;
			productReference = C504FAE219FD25D200C7F5C4 /* WidgetTests.xctest */;
			productType = "com.apple.product-type.bundle.unit-test";
		};
		C504FAF519FD268700C7F5C4 /* BankaWidget */ = {
			isa = PBXNativeTarget;
			buildConfigurationList = C504FB0419FD268700C7F5C4 /* Build configuration list for PBXNativeTarget "BankaWidget" */;
			buildPhases = (
				C504FAF219FD268700C7F5C4 /* Sources */,
				C504FAF319FD268700C7F5C4 /* Frameworks */,
				C504FAF419FD268700C7F5C4 /* Resources */,
			);
			buildRules = (
			);
			dependencies = (
			);
			name = BankaWidget;
			productName = BankaWidget;
			productReference = C504FAF619FD268700C7F5C4 /* BankaWidget.appex */;
			productType = "com.apple.product-type.app-extension";
		};
/* End PBXNativeTarget section */

/* Begin PBXProject section */
		C504FAC519FD25D200C7F5C4 /* Project object */ = {
			isa = PBXProject;
			attributes = {
				LastUpgradeCheck = 0610;
				ORGANIZATIONNAME = Wissen;
				TargetAttributes = {
					C504FACC19FD25D200C7F5C4 = {
						CreatedOnToolsVersion = 6.1;
						DevelopmentTeam = Y3CHWZQ29A;
						SystemCapabilities = {
							com.apple.ApplicationGroups.iOS = {
								enabled = 1;
							};
						};
					};
					C504FAE119FD25D200C7F5C4 = {
						CreatedOnToolsVersion = 6.1;
						TestTargetID = C504FACC19FD25D200C7F5C4;
					};
					C504FAF519FD268700C7F5C4 = {
						CreatedOnToolsVersion = 6.1;
						DevelopmentTeam = Y3CHWZQ29A;
						SystemCapabilities = {
							com.apple.ApplicationGroups.iOS = {
								enabled = 1;
							};
						};
					};
				};
			};
			buildConfigurationList = C504FAC819FD25D200C7F5C4 /* Build configuration list for PBXProject "Widget" */;
			compatibilityVersion = "Xcode 3.2";
			developmentRegion = English;
			hasScannedForEncodings = 0;
			knownRegions = (
				en,
				Base,
			);
			mainGroup = C504FAC419FD25D200C7F5C4;
			productRefGroup = C504FACE19FD25D200C7F5C4 /* Products */;
			projectDirPath = "";
			projectRoot = "";
			targets = (
				C504FACC19FD25D200C7F5C4 /* Widget */,
				C504FAE119FD25D200C7F5C4 /* WidgetTests */,
				C504FAF519FD268700C7F5C4 /* BankaWidget */,
			);
		};
/* End PBXProject section */

/* Begin PBXResourcesBuildPhase section */
		C504FACB19FD25D200C7F5C4 /* Resources */ = {
			isa = PBXResourcesBuildPhase;
			buildActionMask = 2147483647;
			files = (
				C504FAD819FD25D200C7F5C4 /* Main.storyboard in Resources */,
				C504FADD19FD25D200C7F5C4 /* LaunchScreen.xib in Resources */,
				C504FADA19FD25D200C7F5C4 /* Images.xcassets in Resources */,
			);
			runOnlyForDeploymentPostprocessing = 0;
		};
		C504FAE019FD25D200C7F5C4 /* Resources */ = {
			isa = PBXResourcesBuildPhase;
			buildActionMask = 2147483647;
			files = (
			);
			runOnlyForDeploymentPostprocessing = 0;
		};
		C504FAF419FD268700C7F5C4 /* Resources */ = {
			isa = PBXResourcesBuildPhase;
			buildActionMask = 2147483647;
			files = (
				C504FB0019FD268700C7F5C4 /* MainInterface.storyboard in Resources */,
			);
			runOnlyForDeploymentPostprocessing = 0;
		};
/* End PBXResourcesBuildPhase section */

/* Begin PBXSourcesBuildPhase section */
		C504FAC919FD25D200C7F5C4 /* Sources */ = {
			isa = PBXSourcesBuildPhase;
			buildActionMask = 2147483647;
			files = (
				C504FAD519FD25D200C7F5C4 /* ViewController.swift in Sources */,
				C504FAD319FD25D200C7F5C4 /* AppDelegate.swift in Sources */,
			);
			runOnlyForDeploymentPostprocessing = 0;
		};
		C504FADE19FD25D200C7F5C4 /* Sources */ = {
			isa = PBXSourcesBuildPhase;
			buildActionMask = 2147483647;
			files = (
				C504FAE919FD25D200C7F5C4 /* WidgetTests.swift in Sources */,
			);
			runOnlyForDeploymentPostprocessing = 0;
		};
		C504FAF219FD268700C7F5C4 /* Sources */ = {
			isa = PBXSourcesBuildPhase;
			buildActionMask = 2147483647;
			files = (
				C504FAFE19FD268700C7F5C4 /* TodayViewController.swift in Sources */,
			);
			runOnlyForDeploymentPostprocessing = 0;
		};
/* End PBXSourcesBuildPhase section */

/* Begin PBXTargetDependency section */
		C504FAE419FD25D200C7F5C4 /* PBXTargetDependency */ = {
			isa = PBXTargetDependency;
			target = C504FACC19FD25D200C7F5C4 /* Widget */;
			targetProxy = C504FAE319FD25D200C7F5C4 /* PBXContainerItemProxy */;
		};
		C504FB0219FD268700C7F5C4 /* PBXTargetDependency */ = {
			isa = PBXTargetDependency;
			target = C504FAF519FD268700C7F5C4 /* BankaWidget */;
			targetProxy = C504FB0119FD268700C7F5C4 /* PBXContainerItemProxy */;
		};
/* End PBXTargetDependency section */

/* Begin PBXVariantGroup section */
		C504FAD619FD25D200C7F5C4 /* Main.storyboard */ = {
			isa = PBXVariantGroup;
			children = (
				C504FAD719FD25D200C7F5C4 /* Base */,
			);
			name = Main.storyboard;
			sourceTree = "<group>";
		};
		C504FADB19FD25D200C7F5C4 /* LaunchScreen.xib */ = {
			isa = PBXVariantGroup;
			children = (
				C504FADC19FD25D200C7F5C4 /* Base */,
			);
			name = LaunchScreen.xib;
			sourceTree = "<group>";
		};
/* End PBXVariantGroup section */

/* Begin XCBuildConfiguration section */
		C504FAEA19FD25D200C7F5C4 /* Debug */ = {
			isa = XCBuildConfiguration;
			buildSettings = {
				ALWAYS_SEARCH_USER_PATHS = NO;
				CLANG_CXX_LANGUAGE_STANDARD = "gnu++0x";
				CLANG_CXX_LIBRARY = "libc++";
				CLANG_ENABLE_MODULES = YES;
				CLANG_ENABLE_OBJC_ARC = YES;
				CLANG_WARN_BOOL_CONVERSION = YES;
				CLANG_WARN_CONSTANT_CONVERSION = YES;
				CLANG_WARN_DIRECT_OBJC_ISA_USAGE = YES_ERROR;
				CLANG_WARN_EMPTY_BODY = YES;
				CLANG_WARN_ENUM_CONVERSION = YES;
				CLANG_WARN_INT_CONVERSION = YES;
				CLANG_WARN_OBJC_ROOT_CLASS = YES_ERROR;
				CLANG_WARN_UNREACHABLE_CODE = YES;
				CLANG_WARN__DUPLICATE_METHOD_MATCH = YES;
				"CODE_SIGN_IDENTITY[sdk=iphoneos*]" = "iPhone Developer";
				COPY_PHASE_STRIP = NO;
				ENABLE_STRICT_OBJC_MSGSEND = YES;
				GCC_C_LANGUAGE_STANDARD = gnu99;
				GCC_DYNAMIC_NO_PIC = NO;
				GCC_OPTIMIZATION_LEVEL = 0;
				GCC_PREPROCESSOR_DEFINITIONS = (
					"DEBUG=1",
					"$(inherited)",
				);
				GCC_SYMBOLS_PRIVATE_EXTERN = NO;
				GCC_WARN_64_TO_32_BIT_CONVERSION = YES;
				GCC_WARN_ABOUT_RETURN_TYPE = YES_ERROR;
				GCC_WARN_UNDECLARED_SELECTOR = YES;
				GCC_WARN_UNINITIALIZED_AUTOS = YES_AGGRESSIVE;
				GCC_WARN_UNUSED_FUNCTION = YES;
				GCC_WARN_UNUSED_VARIABLE = YES;
				IPHONEOS_DEPLOYMENT_TARGET = 8.1;
				MTL_ENABLE_DEBUG_INFO = YES;
				ONLY_ACTIVE_ARCH = YES;
				SDKROOT = iphoneos;
				SWIFT_OPTIMIZATION_LEVEL = "-Onone";
			};
			name = Debug;
		};
		C504FAEB19FD25D200C7F5C4 /* Release */ = {
			isa = XCBuildConfiguration;
			buildSettings = {
				ALWAYS_SEARCH_USER_PATHS = NO;
				CLANG_CXX_LANGUAGE_STANDARD = "gnu++0x";
				CLANG_CXX_LIBRARY = "libc++";
				CLANG_ENABLE_MODULES = YES;
				CLANG_ENABLE_OBJC_ARC = YES;
				CLANG_WARN_BOOL_CONVERSION = YES;
				CLANG_WARN_CONSTANT_CONVERSION = YES;
				CLANG_WARN_DIRECT_OBJC_ISA_USAGE = YES_ERROR;
				CLANG_WARN_EMPTY_BODY = YES;
				CLANG_WARN_ENUM_CONVERSION = YES;
				CLANG_WARN_INT_CONVERSION = YES;
				CLANG_WARN_OBJC_ROOT_CLASS = YES_ERROR;
				CLANG_WARN_UNREACHABLE_CODE = YES;
				CLANG_WARN__DUPLICATE_METHOD_MATCH = YES;
				"CODE_SIGN_IDENTITY[sdk=iphoneos*]" = "iPhone Developer";
				COPY_PHASE_STRIP = YES;
				ENABLE_NS_ASSERTIONS = NO;
				ENABLE_STRICT_OBJC_MSGSEND = YES;
				GCC_C_LANGUAGE_STANDARD = gnu99;
				GCC_WARN_64_TO_32_BIT_CONVERSION = YES;
				GCC_WARN_ABOUT_RETURN_TYPE = YES_ERROR;
				GCC_WARN_UNDECLARED_SELECTOR = YES;
				GCC_WARN_UNINITIALIZED_AUTOS = YES_AGGRESSIVE;
				GCC_WARN_UNUSED_FUNCTION = YES;
				GCC_WARN_UNUSED_VARIABLE = YES;
				IPHONEOS_DEPLOYMENT_TARGET = 8.1;
				MTL_ENABLE_DEBUG_INFO = NO;
				SDKROOT = iphoneos;
				VALIDATE_PRODUCT = YES;
			};
			name = Release;
		};
		C504FAED19FD25D200C7F5C4 /* Debug */ = {
			isa = XCBuildConfiguration;
			buildSettings = {
				ASSETCATALOG_COMPILER_APPICON_NAME = AppIcon;
				CODE_SIGN_ENTITLEMENTS = Widget/Widget.entitlements;
				CODE_SIGN_IDENTITY = "iPhone Developer";
				"CODE_SIGN_IDENTITY[sdk=iphoneos*]" = "iPhone Developer";
				EMBEDDED_CONTENT_CONTAINS_SWIFT = YES;
				INFOPLIST_FILE = Widget/Info.plist;
				IPHONEOS_DEPLOYMENT_TARGET = 7.1;
				LD_RUNPATH_SEARCH_PATHS = "$(inherited) @executable_path/Frameworks";
				PRODUCT_NAME = "$(TARGET_NAME)";
				PROVISIONING_PROFILE = "";
			};
			name = Debug;
		};
		C504FAEE19FD25D200C7F5C4 /* Release */ = {
			isa = XCBuildConfiguration;
			buildSettings = {
				ASSETCATALOG_COMPILER_APPICON_NAME = AppIcon;
				CODE_SIGN_ENTITLEMENTS = Widget/Widget.entitlements;
				CODE_SIGN_IDENTITY = "iPhone Developer";
				"CODE_SIGN_IDENTITY[sdk=iphoneos*]" = "iPhone Developer";
				EMBEDDED_CONTENT_CONTAINS_SWIFT = YES;
				INFOPLIST_FILE = Widget/Info.plist;
				IPHONEOS_DEPLOYMENT_TARGET = 7.1;
				LD_RUNPATH_SEARCH_PATHS = "$(inherited) @executable_path/Frameworks";
				PRODUCT_NAME = "$(TARGET_NAME)";
				PROVISIONING_PROFILE = "";
			};
			name = Release;
		};
		C504FAF019FD25D200C7F5C4 /* Debug */ = {
			isa = XCBuildConfiguration;
			buildSettings = {
				BUNDLE_LOADER = "$(TEST_HOST)";
				FRAMEWORK_SEARCH_PATHS = (
					"$(SDKROOT)/Developer/Library/Frameworks",
					"$(inherited)",
				);
				GCC_PREPROCESSOR_DEFINITIONS = (
					"DEBUG=1",
					"$(inherited)",
				);
				INFOPLIST_FILE = WidgetTests/Info.plist;
				LD_RUNPATH_SEARCH_PATHS = "$(inherited) @executable_path/Frameworks @loader_path/Frameworks";
				PRODUCT_NAME = "$(TARGET_NAME)";
				TEST_HOST = "$(BUILT_PRODUCTS_DIR)/Widget.app/Widget";
			};
			name = Debug;
		};
		C504FAF119FD25D200C7F5C4 /* Release */ = {
			isa = XCBuildConfiguration;
			buildSettings = {
				BUNDLE_LOADER = "$(TEST_HOST)";
				FRAMEWORK_SEARCH_PATHS = (
					"$(SDKROOT)/Developer/Library/Frameworks",
					"$(inherited)",
				);
				INFOPLIST_FILE = WidgetTests/Info.plist;
				LD_RUNPATH_SEARCH_PATHS = "$(inherited) @executable_path/Frameworks @loader_path/Frameworks";
				PRODUCT_NAME = "$(TARGET_NAME)";
				TEST_HOST = "$(BUILT_PRODUCTS_DIR)/Widget.app/Widget";
			};
			name = Release;
		};
		C504FB0519FD268700C7F5C4 /* Debug */ = {
			isa = XCBuildConfiguration;
			buildSettings = {
				CODE_SIGN_ENTITLEMENTS = BankaWidget/BankaWidget.entitlements;
				CODE_SIGN_IDENTITY = "iPhone Developer";
				"CODE_SIGN_IDENTITY[sdk=iphoneos*]" = "iPhone Developer";
				GCC_PREPROCESSOR_DEFINITIONS = (
					"DEBUG=1",
					"$(inherited)",
				);
				INFOPLIST_FILE = BankaWidget/Info.plist;
				LD_RUNPATH_SEARCH_PATHS = "$(inherited) @executable_path/Frameworks @executable_path/../../Frameworks";
				PRODUCT_NAME = "$(TARGET_NAME)";
				PROVISIONING_PROFILE = "";
				SKIP_INSTALL = YES;
			};
			name = Debug;
		};
		C504FB0619FD268700C7F5C4 /* Release */ = {
			isa = XCBuildConfiguration;
			buildSettings = {
				CODE_SIGN_ENTITLEMENTS = BankaWidget/BankaWidget.entitlements;
				CODE_SIGN_IDENTITY = "iPhone Developer";
				"CODE_SIGN_IDENTITY[sdk=iphoneos*]" = "iPhone Developer";
				INFOPLIST_FILE = BankaWidget/Info.plist;
				LD_RUNPATH_SEARCH_PATHS = "$(inherited) @executable_path/Frameworks @executable_path/../../Frameworks";
				PRODUCT_NAME = "$(TARGET_NAME)";
				PROVISIONING_PROFILE = "";
				SKIP_INSTALL = YES;
			};
			name = Release;
		};
/* End XCBuildConfiguration section */

/* Begin XCConfigurationList section */
		C504FAC819FD25D200C7F5C4 /* Build configuration list for PBXProject "Widget" */ = {
			isa = XCConfigurationList;
			buildConfigurations = (
				C504FAEA19FD25D200C7F5C4 /* Debug */,
				C504FAEB19FD25D200C7F5C4 /* Release */,
			);
			defaultConfigurationIsVisible = 0;
			defaultConfigurationName = Release;
		};
		C504FAEC19FD25D200C7F5C4 /* Build configuration list for PBXNativeTarget "Widget" */ = {
			isa = XCConfigurationList;
			buildConfigurations = (
				C504FAED19FD25D200C7F5C4 /* Debug */,
				C504FAEE19FD25D200C7F5C4 /* Release */,
			);
			defaultConfigurationIsVisible = 0;
		};
		C504FAEF19FD25D200C7F5C4 /* Build configuration list for PBXNativeTarget "WidgetTests" */ = {
			isa = XCConfigurationList;
			buildConfigurations = (
				C504FAF019FD25D200C7F5C4 /* Debug */,
				C504FAF119FD25D200C7F5C4 /* Release */,
			);
			defaultConfigurationIsVisible = 0;
		};
		C504FB0419FD268700C7F5C4 /* Build configuration list for PBXNativeTarget "BankaWidget" */ = {
			isa = XCConfigurationList;
			buildConfigurations = (
				C504FB0519FD268700C7F5C4 /* Debug */,
				C504FB0619FD268700C7F5C4 /* Release */,
			);
			defaultConfigurationIsVisible = 0;
		};
/* End XCConfigurationList section */
	};
	rootObject = C504FAC519FD25D200C7F5C4 /* Project object */;
}
